
Microsoft Visual Studio Solution File, Format Version 12.00
# Visual Studio Version 17
VisualStudioVersion = 17.8.34316.72
MinimumVisualStudioVersion = 10.0.40219.1
Project("{FAE04EC0-301F-11D3-BF4B-00C04F79EFBC}") = "Demo_authentication", "Demo_authentication\Demo_authentication.csproj", "{8F530EA4-D573-4378-9263-91B66A2BD987}"
EndProject
Project("{FAE04EC0-301F-11D3-BF4B-00C04F79EFBC}") = "Business", "Business\Business.csproj", "{7FC8BBDD-23FF-4EC5-9939-67A1127E7D74}"
EndProject
Project("{FAE04EC0-301F-11D3-BF4B-00C04F79EFBC}") = "Data", "Data\Data.csproj", "{BB1654DA-48F8-4EB0-8D36-08068CDF8157}"
EndProject
Global
	GlobalSection(SolutionConfigurationPlatforms) = preSolution
		Debug|Any CPU = Debug|Any CPU
		Release|Any CPU = Release|Any CPU
	EndGlobalSection
	GlobalSection(ProjectConfigurationPlatforms) = postSolution
		{8F530EA4-D573-4378-9263-91B66A2BD987}.Debug|Any CPU.ActiveCfg = Debug|Any CPU
		{8F530EA4-D573-4378-9263-91B66A2BD987}.Debug|Any CPU.Build.0 = Debug|Any CPU
		{8F530EA4-D573-4378-9263-91B66A2BD987}.Release|Any CPU.ActiveCfg = Release|Any CPU
		{8F530EA4-D573-4378-9263-91B66A2BD987}.Release|Any CPU.Build.0 = Release|Any CPU
		{7FC8BBDD-23FF-4EC5-9939-67A1127E7D74}.Debug|Any CPU.ActiveCfg = Debug|Any CPU
		{7FC8BBDD-23FF-4EC5-9939-67A1127E7D74}.Debug|Any CPU.Build.0 = Debug|Any CPU
		{7FC8BBDD-23FF-4EC5-9939-67A1127E7D74}.Release|Any CPU.ActiveCfg = Release|Any CPU
		{7FC8BBDD-23FF-4EC5-9939-67A1127E7D74}.Release|Any CPU.Build.0 = Release|Any CPU
		{BB1654DA-48F8-4EB0-8D36-08068CDF8157}.Debug|Any CPU.ActiveCfg = Debug|Any CPU
		{BB1654DA-48F8-4EB0-8D36-08068CDF8157}.Debug|Any CPU.Build.0 = Debug|Any CPU
		{BB1654DA-48F8-4EB0-8D36-08068CDF8157}.Release|Any CPU.ActiveCfg = Release|Any CPU
		{BB1654DA-48F8-4EB0-8D36-08068CDF8157}.Release|Any CPU.Build.0 = Release|Any CPU
	EndGlobalSection
	GlobalSection(SolutionProperties) = preSolution
		HideSolutionNode = FALSE
	EndGlobalSection
	GlobalSection(ExtensibilityGlobals) = postSolution
		SolutionGuid = {F80CBC80-0CCC-4BFA-95F8-EC8CF0B65C1E}
	EndGlobalSection
EndGlobal
